<?xml version="1.0" encoding="utf-8"?>
<Project ToolsVersion="4.0" xmlns="http://schemas.microsoft.com/developer/msbuild/2003">
  <ItemGroup>
    <Filter Include="Source Files">
      <UniqueIdentifier>{4FC737F1-C7A5-4376-A066-2A32D752A2FF}</UniqueIdentifier>
      <Extensions>cpp;c;cc;cxx;def;odl;idl;hpj;bat;asm;asmx</Extensions>
    </Filter>
    <Filter Include="Header Files">
      <UniqueIdentifier>{93995380-89BD-4b04-88EB-625FBE52EBFB}</UniqueIdentifier>
      <Extensions>h;hpp;hxx;hm;inl;inc;xsd</Extensions>
    </Filter>
    <Filter Include="Resource Files">
      <UniqueIdentifier>{67DA6AB6-F800-4c08-8B7A-83BB121AAD01}</UniqueIdentifier>
      <Extensions>rc;ico;cur;bmp;dlg;rc2;rct;bin;rgs;gif;jpg;jpeg;jpe;resx;tiff;tif;png;wav;mfcribbon-ms</Extensions>
    </Filter>
  </ItemGroup>
  <ItemGroup>
    <ClCompile Include="..\..\liveMedia\AC3AudioFileServerMediaSubsession.cpp">
      <Filter>Source Files</Filter>
    </ClCompile>
    <ClCompile Include="..\..\liveMedia\AC3AudioRTPSink.cpp">
      <Filter>Source Files</Filter>
    </ClCompile>
    <ClCompile Include="..\..\liveMedia\AC3AudioRTPSource.cpp">
      <Filter>Source Files</Filter>
    </ClCompile>
    <ClCompile Include="..\..\liveMedia\AC3AudioStreamFramer.cpp">
      <Filter>Source Files</Filter>
    </ClCompile>
    <ClCompile Include="..\..\liveMedia\ADTSAudioFileServerMediaSubsession.cpp">
      <Filter>Source Files</Filter>
    </ClCompile>
    <ClCompile Include="..\..\liveMedia\ADTSAudioFileSource.cpp">
      <Filter>Source Files</Filter>
    </ClCompile>
    <ClCompile Include="..\..\liveMedia\AMRAudioFileServerMediaSubsession.cpp">
      <Filter>Source Files</Filter>
    </ClCompile>
    <ClCompile Include="..\..\liveMedia\AMRAudioFileSink.cpp">
      <Filter>Source Files</Filter>
    </ClCompile>
    <ClCompile Include="..\..\liveMedia\AMRAudioFileSource.cpp">
      <Filter>Source Files</Filter>
    </ClCompile>
    <ClCompile Include="..\..\liveMedia\AMRAudioRTPSink.cpp">
      <Filter>Source Files</Filter>
    </ClCompile>
    <ClCompile Include="..\..\liveMedia\AMRAudioRTPSource.cpp">
      <Filter>Source Files</Filter>
    </ClCompile>
    <ClCompile Include="..\..\liveMedia\AMRAudioSource.cpp">
      <Filter>Source Files</Filter>
    </ClCompile>
    <ClCompile Include="..\..\liveMedia\AudioInputDevice.cpp">
      <Filter>Source Files</Filter>
    </ClCompile>
    <ClCompile Include="..\..\liveMedia\AudioRTPSink.cpp">
      <Filter>Source Files</Filter>
    </ClCompile>
    <ClCompile Include="..\..\liveMedia\AVIFileSink.cpp">
      <Filter>Source Files</Filter>
    </ClCompile>
    <ClCompile Include="..\..\liveMedia\Base64.cpp">
      <Filter>Source Files</Filter>
    </ClCompile>
    <ClCompile Include="..\..\liveMedia\BasicUDPSink.cpp">
      <Filter>Source Files</Filter>
    </ClCompile>
    <ClCompile Include="..\..\liveMedia\BasicUDPSource.cpp">
      <Filter>Source Files</Filter>
    </ClCompile>
    <ClCompile Include="..\..\liveMedia\BitVector.cpp">
      <Filter>Source Files</Filter>
    </ClCompile>
    <ClCompile Include="..\..\liveMedia\ByteStreamFileSource.cpp">
      <Filter>Source Files</Filter>
    </ClCompile>
    <ClCompile Include="..\..\liveMedia\ByteStreamMemoryBufferSource.cpp">
      <Filter>Source Files</Filter>
    </ClCompile>
    <ClCompile Include="..\..\liveMedia\ByteStreamMultiFileSource.cpp">
      <Filter>Source Files</Filter>
    </ClCompile>
    <ClCompile Include="..\..\liveMedia\DeviceSource.cpp">
      <Filter>Source Files</Filter>
    </ClCompile>
    <ClCompile Include="..\..\liveMedia\DigestAuthentication.cpp">
      <Filter>Source Files</Filter>
    </ClCompile>
    <ClCompile Include="..\..\liveMedia\DVVideoFileServerMediaSubsession.cpp">
      <Filter>Source Files</Filter>
    </ClCompile>
    <ClCompile Include="..\..\liveMedia\DVVideoRTPSink.cpp">
      <Filter>Source Files</Filter>
    </ClCompile>
    <ClCompile Include="..\..\liveMedia\DVVideoRTPSource.cpp">
      <Filter>Source Files</Filter>
    </ClCompile>
    <ClCompile Include="..\..\liveMedia\DVVideoStreamFramer.cpp">
      <Filter>Source Files</Filter>
    </ClCompile>
    <ClCompile Include="..\..\liveMedia\EBMLNumber.cpp">
      <Filter>Source Files</Filter>
    </ClCompile>
    <ClCompile Include="..\..\liveMedia\FileServerMediaSubsession.cpp">
      <Filter>Source Files</Filter>
    </ClCompile>
    <ClCompile Include="..\..\liveMedia\FileSink.cpp">
      <Filter>Source Files</Filter>
    </ClCompile>
    <ClCompile Include="..\..\liveMedia\FramedFileSource.cpp">
      <Filter>Source Files</Filter>
    </ClCompile>
    <ClCompile Include="..\..\liveMedia\FramedFilter.cpp">
      <Filter>Source Files</Filter>
    </ClCompile>
    <ClCompile Include="..\..\liveMedia\FramedSource.cpp">
      <Filter>Source Files</Filter>
    </ClCompile>
    <ClCompile Include="..\..\liveMedia\GenericMediaServer.cpp">
      <Filter>Source Files</Filter>
    </ClCompile>
    <ClCompile Include="..\..\liveMedia\GSMAudioRTPSink.cpp">
      <Filter>Source Files</Filter>
    </ClCompile>
    <ClCompile Include="..\..\liveMedia\H261VideoRTPSource.cpp">
      <Filter>Source Files</Filter>
    </ClCompile>
    <ClCompile Include="..\..\liveMedia\H263plusVideoFileServerMediaSubsession.cpp">
      <Filter>Source Files</Filter>
    </ClCompile>
    <ClCompile Include="..\..\liveMedia\H263plusVideoRTPSink.cpp">
      <Filter>Source Files</Filter>
    </ClCompile>
    <ClCompile Include="..\..\liveMedia\H263plusVideoRTPSource.cpp">
      <Filter>Source Files</Filter>
    </ClCompile>
    <ClCompile Include="..\..\liveMedia\H263plusVideoStreamFramer.cpp">
      <Filter>Source Files</Filter>
    </ClCompile>
    <ClCompile Include="..\..\liveMedia\H263plusVideoStreamParser.cpp">
      <Filter>Source Files</Filter>
    </ClCompile>
    <ClCompile Include="..\..\liveMedia\H264or5VideoFileSink.cpp">
      <Filter>Source Files</Filter>
    </ClCompile>
    <ClCompile Include="..\..\liveMedia\H264or5VideoRTPSink.cpp">
      <Filter>Source Files</Filter>
    </ClCompile>
    <ClCompile Include="..\..\liveMedia\H264or5VideoStreamDiscreteFramer.cpp">
      <Filter>Source Files</Filter>
    </ClCompile>
    <ClCompile Include="..\..\liveMedia\H264or5VideoStreamFramer.cpp">
      <Filter>Source Files</Filter>
    </ClCompile>
    <ClCompile Include="..\..\liveMedia\H264VideoFileServerMediaSubsession.cpp">
      <Filter>Source Files</Filter>
    </ClCompile>
    <ClCompile Include="..\..\liveMedia\H264VideoFileSink.cpp">
      <Filter>Source Files</Filter>
    </ClCompile>
    <ClCompile Include="..\..\liveMedia\H264VideoRTPSink.cpp">
      <Filter>Source Files</Filter>
    </ClCompile>
    <ClCompile Include="..\..\liveMedia\H264VideoRTPSource.cpp">
      <Filter>Source Files</Filter>
    </ClCompile>
    <ClCompile Include="..\..\liveMedia\H264VideoStreamDiscreteFramer.cpp">
      <Filter>Source Files</Filter>
    </ClCompile>
    <ClCompile Include="..\..\liveMedia\H264VideoStreamFramer.cpp">
      <Filter>Source Files</Filter>
    </ClCompile>
    <ClCompile Include="..\..\liveMedia\H265VideoFileServerMediaSubsession.cpp">
      <Filter>Source Files</Filter>
    </ClCompile>
    <ClCompile Include="..\..\liveMedia\H265VideoFileSink.cpp">
      <Filter>Source Files</Filter>
    </ClCompile>
    <ClCompile Include="..\..\liveMedia\H265VideoRTPSink.cpp">
      <Filter>Source Files</Filter>
    </ClCompile>
    <ClCompile Include="..\..\liveMedia\H265VideoRTPSource.cpp">
      <Filter>Source Files</Filter>
    </ClCompile>
    <ClCompile Include="..\..\liveMedia\H265VideoStreamDiscreteFramer.cpp">
      <Filter>Source Files</Filter>
    </ClCompile>
    <ClCompile Include="..\..\liveMedia\H265VideoStreamFramer.cpp">
      <Filter>Source Files</Filter>
    </ClCompile>
    <ClCompile Include="..\..\liveMedia\InputFile.cpp">
      <Filter>Source Files</Filter>
    </ClCompile>
    <ClCompile Include="..\..\liveMedia\JPEGVideoRTPSink.cpp">
      <Filter>Source Files</Filter>
    </ClCompile>
    <ClCompile Include="..\..\liveMedia\JPEGVideoRTPSource.cpp">
      <Filter>Source Files</Filter>
    </ClCompile>
    <ClCompile Include="..\..\liveMedia\JPEGVideoSource.cpp">
      <Filter>Source Files</Filter>
    </ClCompile>
    <ClCompile Include="..\..\liveMedia\Locale.cpp">
      <Filter>Source Files</Filter>
    </ClCompile>
    <ClCompile Include="..\..\liveMedia\MatroskaDemuxedTrack.cpp">
      <Filter>Source Files</Filter>
    </ClCompile>
    <ClCompile Include="..\..\liveMedia\MatroskaFile.cpp">
      <Filter>Source Files</Filter>
    </ClCompile>
    <ClCompile Include="..\..\liveMedia\MatroskaFileParser.cpp">
      <Filter>Source Files</Filter>
    </ClCompile>
    <ClCompile Include="..\..\liveMedia\MatroskaFileServerDemux.cpp">
      <Filter>Source Files</Filter>
    </ClCompile>
    <ClCompile Include="..\..\liveMedia\MatroskaFileServerMediaSubsession.cpp">
      <Filter>Source Files</Filter>
    </ClCompile>
    <ClCompile Include="..\..\liveMedia\Media.cpp">
      <Filter>Source Files</Filter>
    </ClCompile>
    <ClCompile Include="..\..\liveMedia\MediaSession.cpp">
      <Filter>Source Files</Filter>
    </ClCompile>
    <ClCompile Include="..\..\liveMedia\MediaSink.cpp">
      <Filter>Source Files</Filter>
    </ClCompile>
    <ClCompile Include="..\..\liveMedia\MediaSource.cpp">
      <Filter>Source Files</Filter>
    </ClCompile>
    <ClCompile Include="..\..\liveMedia\MP3ADU.cpp">
      <Filter>Source Files</Filter>
    </ClCompile>
    <ClCompile Include="..\..\liveMedia\MP3ADUdescriptor.cpp">
      <Filter>Source Files</Filter>
    </ClCompile>
    <ClCompile Include="..\..\liveMedia\MP3ADUinterleaving.cpp">
      <Filter>Source Files</Filter>
    </ClCompile>
    <ClCompile Include="..\..\liveMedia\MP3ADURTPSink.cpp">
      <Filter>Source Files</Filter>
    </ClCompile>
    <ClCompile Include="..\..\liveMedia\MP3ADURTPSource.cpp">
      <Filter>Source Files</Filter>
    </ClCompile>
    <ClCompile Include="..\..\liveMedia\MP3ADUTranscoder.cpp">
      <Filter>Source Files</Filter>
    </ClCompile>
    <ClCompile Include="..\..\liveMedia\MP3AudioFileServerMediaSubsession.cpp">
      <Filter>Source Files</Filter>
    </ClCompile>
    <ClCompile Include="..\..\liveMedia\MP3AudioMatroskaFileServerMediaSubsession.cpp">
      <Filter>Source Files</Filter>
    </ClCompile>
    <ClCompile Include="..\..\liveMedia\MP3FileSource.cpp">
      <Filter>Source Files</Filter>
    </ClCompile>
    <ClCompile Include="..\..\liveMedia\MP3Internals.cpp">
      <Filter>Source Files</Filter>
    </ClCompile>
    <ClCompile Include="..\..\liveMedia\MP3InternalsHuffman.cpp">
      <Filter>Source Files</Filter>
    </ClCompile>
    <ClCompile Include="..\..\liveMedia\MP3InternalsHuffmanTable.cpp">
      <Filter>Source Files</Filter>
    </ClCompile>
    <ClCompile Include="..\..\liveMedia\MP3StreamState.cpp">
      <Filter>Source Files</Filter>
    </ClCompile>
    <ClCompile Include="..\..\liveMedia\MP3Transcoder.cpp">
      <Filter>Source Files</Filter>
    </ClCompile>
    <ClCompile Include="..\..\liveMedia\MPEG1or2AudioRTPSink.cpp">
      <Filter>Source Files</Filter>
    </ClCompile>
    <ClCompile Include="..\..\liveMedia\MPEG1or2AudioRTPSource.cpp">
      <Filter>Source Files</Filter>
    </ClCompile>
    <ClCompile Include="..\..\liveMedia\MPEG1or2AudioStreamFramer.cpp">
      <Filter>Source Files</Filter>
    </ClCompile>
    <ClCompile Include="..\..\liveMedia\MPEG1or2Demux.cpp">
      <Filter>Source Files</Filter>
    </ClCompile>
    <ClCompile Include="..\..\liveMedia\MPEG1or2DemuxedElementaryStream.cpp">
      <Filter>Source Files</Filter>
    </ClCompile>
    <ClCompile Include="..\..\liveMedia\MPEG1or2DemuxedServerMediaSubsession.cpp">
      <Filter>Source Files</Filter>
    </ClCompile>
    <ClCompile Include="..\..\liveMedia\MPEG1or2FileServerDemux.cpp">
      <Filter>Source Files</Filter>
    </ClCompile>
    <ClCompile Include="..\..\liveMedia\MPEG1or2VideoFileServerMediaSubsession.cpp">
      <Filter>Source Files</Filter>
    </ClCompile>
    <ClCompile Include="..\..\liveMedia\MPEG1or2VideoRTPSink.cpp">
      <Filter>Source Files</Filter>
    </ClCompile>
    <ClCompile Include="..\..\liveMedia\MPEG1or2VideoRTPSource.cpp">
      <Filter>Source Files</Filter>
    </ClCompile>
    <ClCompile Include="..\..\liveMedia\MPEG1or2VideoStreamDiscreteFramer.cpp">
      <Filter>Source Files</Filter>
    </ClCompile>
    <ClCompile Include="..\..\liveMedia\MPEG1or2VideoStreamFramer.cpp">
      <Filter>Source Files</Filter>
    </ClCompile>
    <ClCompile Include="..\..\liveMedia\MPEG2IndexFromTransportStream.cpp">
      <Filter>Source Files</Filter>
    </ClCompile>
    <ClCompile Include="..\..\liveMedia\MPEG2TransportFileServerMediaSubsession.cpp">
      <Filter>Source Files</Filter>
    </ClCompile>
    <ClCompile Include="..\..\liveMedia\MPEG2TransportStreamAccumulator.cpp">
      <Filter>Source Files</Filter>
    </ClCompile>
    <ClCompile Include="..\..\liveMedia\MPEG2TransportStreamFramer.cpp">
      <Filter>Source Files</Filter>
    </ClCompile>
    <ClCompile Include="..\..\liveMedia\MPEG2TransportStreamFromESSource.cpp">
      <Filter>Source Files</Filter>
    </ClCompile>
    <ClCompile Include="..\..\liveMedia\MPEG2TransportStreamFromPESSource.cpp">
      <Filter>Source Files</Filter>
    </ClCompile>
    <ClCompile Include="..\..\liveMedia\MPEG2TransportStreamIndexFile.cpp">
      <Filter>Source Files</Filter>
    </ClCompile>
    <ClCompile Include="..\..\liveMedia\MPEG2TransportStreamMultiplexor.cpp">
      <Filter>Source Files</Filter>
    </ClCompile>
    <ClCompile Include="..\..\liveMedia\MPEG2TransportStreamTrickModeFilter.cpp">
      <Filter>Source Files</Filter>
    </ClCompile>
    <ClCompile Include="..\..\liveMedia\MPEG2TransportUDPServerMediaSubsession.cpp">
      <Filter>Source Files</Filter>
    </ClCompile>
    <ClCompile Include="..\..\liveMedia\MPEG4ESVideoRTPSink.cpp">
      <Filter>Source Files</Filter>
    </ClCompile>
    <ClCompile Include="..\..\liveMedia\MPEG4ESVideoRTPSource.cpp">
      <Filter>Source Files</Filter>
    </ClCompile>
    <ClCompile Include="..\..\liveMedia\MPEG4GenericRTPSink.cpp">
      <Filter>Source Files</Filter>
    </ClCompile>
    <ClCompile Include="..\..\liveMedia\MPEG4GenericRTPSource.cpp">
      <Filter>Source Files</Filter>
    </ClCompile>
    <ClCompile Include="..\..\liveMedia\MPEG4LATMAudioRTPSink.cpp">
      <Filter>Source Files</Filter>
    </ClCompile>
    <ClCompile Include="..\..\liveMedia\MPEG4LATMAudioRTPSource.cpp">
      <Filter>Source Files</Filter>
    </ClCompile>
    <ClCompile Include="..\..\liveMedia\MPEG4VideoFileServerMediaSubsession.cpp">
      <Filter>Source Files</Filter>
    </ClCompile>
    <ClCompile Include="..\..\liveMedia\MPEG4VideoStreamDiscreteFramer.cpp">
      <Filter>Source Files</Filter>
    </ClCompile>
    <ClCompile Include="..\..\liveMedia\MPEG4VideoStreamFramer.cpp">
      <Filter>Source Files</Filter>
    </ClCompile>
    <ClCompile Include="..\..\liveMedia\MPEGVideoStreamFramer.cpp">
      <Filter>Source Files</Filter>
    </ClCompile>
    <ClCompile Include="..\..\liveMedia\MPEGVideoStreamParser.cpp">
      <Filter>Source Files</Filter>
    </ClCompile>
    <ClCompile Include="..\..\liveMedia\MultiFramedRTPSink.cpp">
      <Filter>Source Files</Filter>
    </ClCompile>
    <ClCompile Include="..\..\liveMedia\MultiFramedRTPSource.cpp">
      <Filter>Source Files</Filter>
    </ClCompile>
    <ClCompile Include="..\..\liveMedia\OggDemuxedTrack.cpp">
      <Filter>Source Files</Filter>
    </ClCompile>
    <ClCompile Include="..\..\liveMedia\OggFile.cpp">
      <Filter>Source Files</Filter>
    </ClCompile>
    <ClCompile Include="..\..\liveMedia\OggFileParser.cpp">
      <Filter>Source Files</Filter>
    </ClCompile>
    <ClCompile Include="..\..\liveMedia\OggFileServerDemux.cpp">
      <Filter>Source Files</Filter>
    </ClCompile>
    <ClCompile Include="..\..\liveMedia\OggFileServerMediaSubsession.cpp">
      <Filter>Source Files</Filter>
    </ClCompile>
    <ClCompile Include="..\..\liveMedia\OggFileSink.cpp">
      <Filter>Source Files</Filter>
    </ClCompile>
    <ClCompile Include="..\..\liveMedia\OnDemandServerMediaSubsession.cpp">
      <Filter>Source Files</Filter>
    </ClCompile>
    <ClCompile Include="..\..\liveMedia\ourMD5.cpp">
      <Filter>Source Files</Filter>
    </ClCompile>
    <ClCompile Include="..\..\liveMedia\OutputFile.cpp">
      <Filter>Source Files</Filter>
    </ClCompile>
    <ClCompile Include="..\..\liveMedia\PassiveServerMediaSubsession.cpp">
      <Filter>Source Files</Filter>
    </ClCompile>
    <ClCompile Include="..\..\liveMedia\ProxyServerMediaSession.cpp">
      <Filter>Source Files</Filter>
    </ClCompile>
    <ClCompile Include="..\..\liveMedia\QCELPAudioRTPSource.cpp">
      <Filter>Source Files</Filter>
    </ClCompile>
    <ClCompile Include="..\..\liveMedia\QuickTimeFileSink.cpp">
      <Filter>Source Files</Filter>
    </ClCompile>
    <ClCompile Include="..\..\liveMedia\QuickTimeGenericRTPSource.cpp">
      <Filter>Source Files</Filter>
    </ClCompile>
    <ClCompile Include="..\..\liveMedia\RawVideoRTPSink.cpp">
      <Filter>Source Files</Filter>
    </ClCompile>
    <ClCompile Include="..\..\liveMedia\RawVideoRTPSource.cpp">
      <Filter>Source Files</Filter>
    </ClCompile>
    <ClCompile Include="..\..\liveMedia\RTCP.cpp">
      <Filter>Source Files</Filter>
    </ClCompile>
    <ClCompile Include="..\..\liveMedia\rtcp_from_spec.c">
      <Filter>Source Files</Filter>
    </ClCompile>
    <ClCompile Include="..\..\liveMedia\RTPInterface.cpp">
      <Filter>Source Files</Filter>
    </ClCompile>
    <ClCompile Include="..\..\liveMedia\RTPSink.cpp">
      <Filter>Source Files</Filter>
    </ClCompile>
    <ClCompile Include="..\..\liveMedia\RTPSource.cpp">
      <Filter>Source Files</Filter>
    </ClCompile>
    <ClCompile Include="..\..\liveMedia\RTSPClient.cpp">
      <Filter>Source Files</Filter>
    </ClCompile>
    <ClCompile Include="..\..\liveMedia\RTSPCommon.cpp">
      <Filter>Source Files</Filter>
    </ClCompile>
    <ClCompile Include="..\..\liveMedia\RTSPRegisterSender.cpp">
      <Filter>Source Files</Filter>
    </ClCompile>
    <ClCompile Include="..\..\liveMedia\RTSPServer.cpp">
      <Filter>Source Files</Filter>
    </ClCompile>
    <ClCompile Include="..\..\liveMedia\RTSPServerRegister.cpp">
      <Filter>Source Files</Filter>
    </ClCompile>
    <ClCompile Include="..\..\liveMedia\RTSPServerSupportingHTTPStreaming.cpp">
      <Filter>Source Files</Filter>
    </ClCompile>
    <ClCompile Include="..\..\liveMedia\ServerMediaSession.cpp">
      <Filter>Source Files</Filter>
    </ClCompile>
    <ClCompile Include="..\..\liveMedia\SimpleRTPSink.cpp">
      <Filter>Source Files</Filter>
    </ClCompile>
    <ClCompile Include="..\..\liveMedia\SimpleRTPSource.cpp">
      <Filter>Source Files</Filter>
    </ClCompile>
    <ClCompile Include="..\..\liveMedia\SIPClient.cpp">
      <Filter>Source Files</Filter>
    </ClCompile>
    <ClCompile Include="..\..\liveMedia\StreamParser.cpp">
      <Filter>Source Files</Filter>
    </ClCompile>
    <ClCompile Include="..\..\liveMedia\StreamReplicator.cpp">
      <Filter>Source Files</Filter>
    </ClCompile>
    <ClCompile Include="..\..\liveMedia\T140TextRTPSink.cpp">
      <Filter>Source Files</Filter>
    </ClCompile>
    <ClCompile Include="..\..\liveMedia\TCPStreamSink.cpp">
      <Filter>Source Files</Filter>
    </ClCompile>
    <ClCompile Include="..\..\liveMedia\TextRTPSink.cpp">
      <Filter>Source Files</Filter>
    </ClCompile>
    <ClCompile Include="..\..\liveMedia\TheoraVideoRTPSink.cpp">
      <Filter>Source Files</Filter>
    </ClCompile>
    <ClCompile Include="..\..\liveMedia\TheoraVideoRTPSource.cpp">
      <Filter>Source Files</Filter>
    </ClCompile>
    <ClCompile Include="..\..\liveMedia\uLawAudioFilter.cpp">
      <Filter>Source Files</Filter>
    </ClCompile>
    <ClCompile Include="..\..\liveMedia\VideoRTPSink.cpp">
      <Filter>Source Files</Filter>
    </ClCompile>
    <ClCompile Include="..\..\liveMedia\VorbisAudioRTPSink.cpp">
      <Filter>Source Files</Filter>
    </ClCompile>
    <ClCompile Include="..\..\liveMedia\VorbisAudioRTPSource.cpp">
      <Filter>Source Files</Filter>
    </ClCompile>
    <ClCompile Include="..\..\liveMedia\VP8VideoRTPSink.cpp">
      <Filter>Source Files</Filter>
    </ClCompile>
    <ClCompile Include="..\..\liveMedia\VP8VideoRTPSource.cpp">
      <Filter>Source Files</Filter>
    </ClCompile>
    <ClCompile Include="..\..\liveMedia\VP9VideoRTPSink.cpp">
      <Filter>Source Files</Filter>
    </ClCompile>
    <ClCompile Include="..\..\liveMedia\VP9VideoRTPSource.cpp">
      <Filter>Source Files</Filter>
    </ClCompile>
    <ClCompile Include="..\..\liveMedia\WAVAudioFileServerMediaSubsession.cpp">
      <Filter>Source Files</Filter>
    </ClCompile>
    <ClCompile Include="..\..\liveMedia\WAVAudioFileSource.cpp">
      <Filter>Source Files</Filter>
    </ClCompile>
  </ItemGroup>
  <ItemGroup>
    <None Include="..\..\liveMedia\EBMLNumber.hh" />
    <None Include="..\..\liveMedia\H263plusVideoStreamParser.hh" />
    <None Include="..\..\liveMedia\include\AC3AudioFileServerMediaSubsession.hh" />
    <None Include="..\..\liveMedia\include\AC3AudioRTPSink.hh" />
    <None Include="..\..\liveMedia\include\AC3AudioRTPSource.hh" />
    <None Include="..\..\liveMedia\include\AC3AudioStreamFramer.hh" />
    <None Include="..\..\liveMedia\include\ADTSAudioFileServerMediaSubsession.hh" />
    <None Include="..\..\liveMedia\include\ADTSAudioFileSource.hh" />
    <None Include="..\..\liveMedia\include\AMRAudioFileServerMediaSubsession.hh" />
    <None Include="..\..\liveMedia\include\AMRAudioFileSink.hh" />
    <None Include="..\..\liveMedia\include\AMRAudioFileSource.hh" />
    <None Include="..\..\liveMedia\include\AMRAudioRTPSink.hh" />
    <None Include="..\..\liveMedia\include\AMRAudioRTPSource.hh" />
    <None Include="..\..\liveMedia\include\AMRAudioSource.hh" />
    <None Include="..\..\liveMedia\include\AudioInputDevice.hh" />
    <None Include="..\..\liveMedia\include\AudioRTPSink.hh" />
    <None Include="..\..\liveMedia\include\AVIFileSink.hh" />
    <None Include="..\..\liveMedia\include\Base64.hh" />
    <None Include="..\..\liveMedia\include\BasicUDPSink.hh" />
    <None Include="..\..\liveMedia\include\BasicUDPSource.hh" />
    <None Include="..\..\liveMedia\include\BitVector.hh" />
    <None Include="..\..\liveMedia\include\ByteStreamFileSource.hh" />
    <None Include="..\..\liveMedia\include\ByteStreamMemoryBufferSource.hh" />
    <None Include="..\..\liveMedia\include\ByteStreamMultiFileSource.hh" />
    <None Include="..\..\liveMedia\include\DeviceSource.hh" />
    <None Include="..\..\liveMedia\include\DigestAuthentication.hh" />
    <None Include="..\..\liveMedia\include\DVVideoFileServerMediaSubsession.hh" />
    <None Include="..\..\liveMedia\include\DVVideoRTPSink.hh" />
    <None Include="..\..\liveMedia\include\DVVideoRTPSource.hh" />
    <None Include="..\..\liveMedia\include\DVVideoStreamFramer.hh" />
    <None Include="..\..\liveMedia\include\FileServerMediaSubsession.hh" />
    <None Include="..\..\liveMedia\include\FileSink.hh" />
    <None Include="..\..\liveMedia\include\FramedFileSource.hh" />
    <None Include="..\..\liveMedia\include\FramedFilter.hh" />
    <None Include="..\..\liveMedia\include\FramedSource.hh" />
    <None Include="..\..\liveMedia\include\GenericMediaServer.hh" />
    <None Include="..\..\liveMedia\include\GSMAudioRTPSink.hh" />
    <None Include="..\..\liveMedia\include\H261VideoRTPSource.hh" />
    <None Include="..\..\liveMedia\include\H263plusVideoFileServerMediaSubsession.hh" />
    <None Include="..\..\liveMedia\include\H263plusVideoRTPSink.hh" />
    <None Include="..\..\liveMedia\include\H263plusVideoRTPSource.hh" />
    <None Include="..\..\liveMedia\include\H263plusVideoStreamFramer.hh" />
    <None Include="..\..\liveMedia\include\H264or5VideoFileSink.hh" />
    <None Include="..\..\liveMedia\include\H264or5VideoRTPSink.hh" />
    <None Include="..\..\liveMedia\include\H264or5VideoStreamDiscreteFramer.hh" />
    <None Include="..\..\liveMedia\include\H264or5VideoStreamFramer.hh" />
    <None Include="..\..\liveMedia\include\H264VideoFileServerMediaSubsession.hh" />
    <None Include="..\..\liveMedia\include\H264VideoFileSink.hh" />
    <None Include="..\..\liveMedia\include\H264VideoRTPSink.hh" />
    <None Include="..\..\liveMedia\include\H264VideoRTPSource.hh" />
    <None Include="..\..\liveMedia\include\H264VideoStreamDiscreteFramer.hh" />
    <None Include="..\..\liveMedia\include\H264VideoStreamFramer.hh" />
    <None Include="..\..\liveMedia\include\H265VideoFileServerMediaSubsession.hh" />
    <None Include="..\..\liveMedia\include\H265VideoFileSink.hh" />
    <None Include="..\..\liveMedia\include\H265VideoRTPSink.hh" />
    <None Include="..\..\liveMedia\include\H265VideoRTPSource.hh" />
    <None Include="..\..\liveMedia\include\H265VideoStreamDiscreteFramer.hh" />
    <None Include="..\..\liveMedia\include\H265VideoStreamFramer.hh" />
    <None Include="..\..\liveMedia\include\InputFile.hh" />
    <None Include="..\..\liveMedia\include\JPEGVideoRTPSink.hh" />
    <None Include="..\..\liveMedia\include\JPEGVideoRTPSource.hh" />
    <None Include="..\..\liveMedia\include\JPEGVideoSource.hh" />
    <None Include="..\..\liveMedia\include\liveMedia.hh" />
    <None Include="..\..\liveMedia\include\liveMedia_version.hh" />
    <None Include="..\..\liveMedia\include\Locale.hh" />
    <None Include="..\..\liveMedia\include\MatroskaFile.hh" />
    <None Include="..\..\liveMedia\include\MatroskaFileServerDemux.hh" />
    <None Include="..\..\liveMedia\include\Media.hh" />
    <None Include="..\..\liveMedia\include\MediaSession.hh" />
    <None Include="..\..\liveMedia\include\MediaSink.hh" />
    <None Include="..\..\liveMedia\include\MediaSource.hh" />
    <None Include="..\..\liveMedia\include\MediaTranscodingTable.hh" />
    <None Include="..\..\liveMedia\include\MP3ADU.hh" />
    <None Include="..\..\liveMedia\include\MP3ADUinterleaving.hh" />
    <None Include="..\..\liveMedia\include\MP3ADURTPSink.hh" />
    <None Include="..\..\liveMedia\include\MP3ADURTPSource.hh" />
    <None Include="..\..\liveMedia\include\MP3ADUTranscoder.hh" />
    <None Include="..\..\liveMedia\include\MP3AudioFileServerMediaSubsession.hh" />
    <None Include="..\..\liveMedia\include\MP3FileSource.hh" />
    <None Include="..\..\liveMedia\include\MP3Transcoder.hh" />
    <None Include="..\..\liveMedia\include\MPEG1or2AudioRTPSink.hh" />
    <None Include="..\..\liveMedia\include\MPEG1or2AudioRTPSource.hh" />
    <None Include="..\..\liveMedia\include\MPEG1or2AudioStreamFramer.hh" />
    <None Include="..\..\liveMedia\include\MPEG1or2Demux.hh" />
    <None Include="..\..\liveMedia\include\MPEG1or2DemuxedElementaryStream.hh" />
    <None Include="..\..\liveMedia\include\MPEG1or2DemuxedServerMediaSubsession.hh" />
    <None Include="..\..\liveMedia\include\MPEG1or2FileServerDemux.hh" />
    <None Include="..\..\liveMedia\include\MPEG1or2VideoFileServerMediaSubsession.hh" />
    <None Include="..\..\liveMedia\include\MPEG1or2VideoRTPSink.hh" />
    <None Include="..\..\liveMedia\include\MPEG1or2VideoRTPSource.hh" />
    <None Include="..\..\liveMedia\include\MPEG1or2VideoStreamDiscreteFramer.hh" />
    <None Include="..\..\liveMedia\include\MPEG1or2VideoStreamFramer.hh" />
    <None Include="..\..\liveMedia\include\MPEG2IndexFromTransportStream.hh" />
    <None Include="..\..\liveMedia\include\MPEG2TransportFileServerMediaSubsession.hh" />
    <None Include="..\..\liveMedia\include\MPEG2TransportStreamAccumulator.hh" />
    <None Include="..\..\liveMedia\include\MPEG2TransportStreamFramer.hh" />
    <None Include="..\..\liveMedia\include\MPEG2TransportStreamFromESSource.hh" />
    <None Include="..\..\liveMedia\include\MPEG2TransportStreamFromPESSource.hh" />
    <None Include="..\..\liveMedia\include\MPEG2TransportStreamIndexFile.hh" />
    <None Include="..\..\liveMedia\include\MPEG2TransportStreamMultiplexor.hh" />
    <None Include="..\..\liveMedia\include\MPEG2TransportStreamTrickModeFilter.hh" />
    <None Include="..\..\liveMedia\include\MPEG2TransportUDPServerMediaSubsession.hh" />
    <None Include="..\..\liveMedia\include\MPEG4ESVideoRTPSink.hh" />
    <None Include="..\..\liveMedia\include\MPEG4ESVideoRTPSource.hh" />
    <None Include="..\..\liveMedia\include\MPEG4GenericRTPSink.hh" />
    <None Include="..\..\liveMedia\include\MPEG4GenericRTPSource.hh" />
    <None Include="..\..\liveMedia\include\MPEG4LATMAudioRTPSink.hh" />
    <None Include="..\..\liveMedia\include\MPEG4LATMAudioRTPSource.hh" />
    <None Include="..\..\liveMedia\include\MPEG4VideoFileServerMediaSubsession.hh" />
    <None Include="..\..\liveMedia\include\MPEG4VideoStreamDiscreteFramer.hh" />
    <None Include="..\..\liveMedia\include\MPEG4VideoStreamFramer.hh" />
    <None Include="..\..\liveMedia\include\MPEGVideoStreamFramer.hh" />
    <None Include="..\..\liveMedia\include\MultiFramedRTPSink.hh" />
    <None Include="..\..\liveMedia\include\MultiFramedRTPSource.hh" />
    <None Include="..\..\liveMedia\include\OggFile.hh" />
    <None Include="..\..\liveMedia\include\OggFileServerDemux.hh" />
    <None Include="..\..\liveMedia\include\OggFileSink.hh" />
    <None Include="..\..\liveMedia\include\OnDemandServerMediaSubsession.hh" />
    <None Include="..\..\liveMedia\include\ourMD5.hh" />
    <None Include="..\..\liveMedia\include\OutputFile.hh" />
    <None Include="..\..\liveMedia\include\PassiveServerMediaSubsession.hh" />
    <None Include="..\..\liveMedia\include\ProxyServerMediaSession.hh" />
    <None Include="..\..\liveMedia\include\QCELPAudioRTPSource.hh" />
    <None Include="..\..\liveMedia\include\QuickTimeFileSink.hh" />
    <None Include="..\..\liveMedia\include\QuickTimeGenericRTPSource.hh" />
    <None Include="..\..\liveMedia\include\RawVideoRTPSink.hh" />
    <None Include="..\..\liveMedia\include\RawVideoRTPSource.hh" />
    <None Include="..\..\liveMedia\include\RTCP.hh" />
    <None Include="..\..\liveMedia\include\RTPInterface.hh" />
    <None Include="..\..\liveMedia\include\RTPSink.hh" />
    <None Include="..\..\liveMedia\include\RTPSource.hh" />
    <None Include="..\..\liveMedia\include\RTSPClient.hh" />
    <None Include="..\..\liveMedia\include\RTSPCommon.hh" />
    <None Include="..\..\liveMedia\include\RTSPRegisterSender.hh" />
    <None Include="..\..\liveMedia\include\RTSPServer.hh" />
    <None Include="..\..\liveMedia\include\RTSPServerSupportingHTTPStreaming.hh" />
    <None Include="..\..\liveMedia\include\ServerMediaSession.hh" />
    <None Include="..\..\liveMedia\include\SimpleRTPSink.hh" />
    <None Include="..\..\liveMedia\include\SimpleRTPSource.hh" />
    <None Include="..\..\liveMedia\include\SIPClient.hh" />
    <None Include="..\..\liveMedia\include\StreamReplicator.hh" />
    <None Include="..\..\liveMedia\include\T140TextRTPSink.hh" />
    <None Include="..\..\liveMedia\include\TCPStreamSink.hh" />
    <None Include="..\..\liveMedia\include\TextRTPSink.hh" />
    <None Include="..\..\liveMedia\include\TheoraVideoRTPSink.hh" />
    <None Include="..\..\liveMedia\include\TheoraVideoRTPSource.hh" />
    <None Include="..\..\liveMedia\include\uLawAudioFilter.hh" />
    <None Include="..\..\liveMedia\include\VideoRTPSink.hh" />
    <None Include="..\..\liveMedia\include\VorbisAudioRTPSink.hh" />
    <None Include="..\..\liveMedia\include\VorbisAudioRTPSource.hh" />
    <None Include="..\..\liveMedia\include\VP8VideoRTPSink.hh" />
    <None Include="..\..\liveMedia\include\VP8VideoRTPSource.hh" />
    <None Include="..\..\liveMedia\include\VP9VideoRTPSink.hh" />
    <None Include="..\..\liveMedia\include\VP9VideoRTPSource.hh" />
    <None Include="..\..\liveMedia\include\WAVAudioFileServerMediaSubsession.hh" />
    <None Include="..\..\liveMedia\include\WAVAudioFileSource.hh" />
    <None Include="..\..\liveMedia\MatroskaDemuxedTrack.hh" />
    <None Include="..\..\liveMedia\MatroskaFileParser.hh" />
    <None Include="..\..\liveMedia\MatroskaFileServerMediaSubsession.hh" />
    <None Include="..\..\liveMedia\MP3ADUdescriptor.hh" />
    <None Include="..\..\liveMedia\MP3AudioMatroskaFileServerMediaSubsession.hh" />
    <None Include="..\..\liveMedia\MP3Internals.hh" />
    <None Include="..\..\liveMedia\MP3InternalsHuffman.hh" />
    <None Include="..\..\liveMedia\MP3StreamState.hh" />
    <None Include="..\..\liveMedia\MPEGVideoStreamParser.hh" />
    <None Include="..\..\liveMedia\OggDemuxedTrack.hh" />
    <None Include="..\..\liveMedia\OggFileParser.hh" />
    <None Include="..\..\liveMedia\OggFileServerMediaSubsession.hh" />
    <None Include="..\..\liveMedia\StreamParser.hh" />
  </ItemGroup>
  <ItemGroup>
    <ClInclude Include="..\..\liveMedia\rtcp_from_spec.h">
      <Filter>Header Files</Filter>
    </ClInclude>
  </ItemGroup>
</Project>